<<<<<<< HEAD
﻿
Microsoft Visual Studio Solution File, Format Version 12.00
# Visual Studio 2017
Project("{FAE04EC0-301F-11D3-BF4B-00C04F79EFBC}") = "TheSquareGame", "TheSquareGame.csproj", "{768345A5-0408-E293-D3EC-8D96161547C8}"
EndProject
Global
	GlobalSection(SolutionConfigurationPlatforms) = preSolution
		Debug|Any CPU = Debug|Any CPU
		Release|Any CPU = Release|Any CPU
	EndGlobalSection
	GlobalSection(ProjectConfigurationPlatforms) = postSolution
		{768345A5-0408-E293-D3EC-8D96161547C8}.Debug|Any CPU.ActiveCfg = Debug|Any CPU
		{768345A5-0408-E293-D3EC-8D96161547C8}.Debug|Any CPU.Build.0 = Debug|Any CPU
		{768345A5-0408-E293-D3EC-8D96161547C8}.Release|Any CPU.ActiveCfg = Release|Any CPU
		{768345A5-0408-E293-D3EC-8D96161547C8}.Release|Any CPU.Build.0 = Release|Any CPU
	EndGlobalSection
	GlobalSection(SolutionProperties) = preSolution
		HideSolutionNode = FALSE
	EndGlobalSection
EndGlobal
=======
﻿
Microsoft Visual Studio Solution File, Format Version 11.00
# Visual Studio 2010
Project("{FAE04EC0-301F-11D3-BF4B-00C04F79EFBC}") = "TheSquareGame", "Assembly-CSharp.csproj", "{4888CEDC-E323-B63B-2060-16C988822CB7}"
EndProject
Global
	GlobalSection(SolutionConfigurationPlatforms) = preSolution
		Debug|Any CPU = Debug|Any CPU
		Release|Any CPU = Release|Any CPU
	EndGlobalSection
	GlobalSection(ProjectConfigurationPlatforms) = postSolution
		{4888CEDC-E323-B63B-2060-16C988822CB7}.Debug|Any CPU.ActiveCfg = Debug|Any CPU
		{4888CEDC-E323-B63B-2060-16C988822CB7}.Debug|Any CPU.Build.0 = Debug|Any CPU
		{4888CEDC-E323-B63B-2060-16C988822CB7}.Release|Any CPU.ActiveCfg = Release|Any CPU
		{4888CEDC-E323-B63B-2060-16C988822CB7}.Release|Any CPU.Build.0 = Release|Any CPU
	EndGlobalSection
	GlobalSection(SolutionProperties) = preSolution
		HideSolutionNode = FALSE
	EndGlobalSection
	GlobalSection(MonoDevelopProperties) = preSolution
		StartupItem = Assembly-CSharp.csproj
	EndGlobalSection
EndGlobal
>>>>>>> 507fbcd8597e17b09fe2a95a08ba08fe2fac1c9b
